
Microsoft Visual Studio Solution File, Format Version 12.00
# Visual Studio Version 16
VisualStudioVersion = 16.0.29613.14
MinimumVisualStudioVersion = 10.0.40219.1
Project("{FAE04EC0-301F-11D3-BF4B-00C04F79EFBC}") = "IdentityAuthServer", "IdentityAuthServer.csproj", "{6CFD3636-73F3-4E6A-BCFF-84904FAB5F4F}"
EndProject
Global
	GlobalSection(SolutionConfigurationPlatforms) = preSolution
		Debug|Any CPU = Debug|Any CPU
		Release|Any CPU = Release|Any CPU
	EndGlobalSection
	GlobalSection(ProjectConfigurationPlatforms) = postSolution
		{6CFD3636-73F3-4E6A-BCFF-84904FAB5F4F}.Debug|Any CPU.ActiveCfg = Debug|Any CPU
		{6CFD3636-73F3-4E6A-BCFF-84904FAB5F4F}.Debug|Any CPU.Build.0 = Debug|Any CPU
		{6CFD3636-73F3-4E6A-BCFF-84904FAB5F4F}.Release|Any CPU.ActiveCfg = Release|Any CPU
		{6CFD3636-73F3-4E6A-BCFF-84904FAB5F4F}.Release|Any CPU.Build.0 = Release|Any CPU
	EndGlobalSection
	GlobalSection(SolutionProperties) = preSolution
		HideSolutionNode = FALSE
	EndGlobalSection
	GlobalSection(ExtensibilityGlobals) = postSolution
		SolutionGuid = {CC23F6EF-876C-458B-8229-2F6F3CA51D49}
	EndGlobalSection
EndGlobal
